
Microsoft Visual Studio Solution File, Format Version 12.00
# Visual Studio Version 17
VisualStudioVersion = 17.7.34018.315
MinimumVisualStudioVersion = 10.0.40219.1
Project("{FAE04EC0-301F-11D3-BF4B-00C04F79EFBC}") = "APICRUDADOdotNet", "APICRUDADOdotNet\APICRUDADOdotNet.csproj", "{EC42F37A-CC4D-4F81-9726-76CA4C87B5BB}"
EndProject
Global
	GlobalSection(SolutionConfigurationPlatforms) = preSolution
		Debug|Any CPU = Debug|Any CPU
		Release|Any CPU = Release|Any CPU
	EndGlobalSection
	GlobalSection(ProjectConfigurationPlatforms) = postSolution
		{EC42F37A-CC4D-4F81-9726-76CA4C87B5BB}.Debug|Any CPU.ActiveCfg = Debug|Any CPU
		{EC42F37A-CC4D-4F81-9726-76CA4C87B5BB}.Debug|Any CPU.Build.0 = Debug|Any CPU
		{EC42F37A-CC4D-4F81-9726-76CA4C87B5BB}.Release|Any CPU.ActiveCfg = Release|Any CPU
		{EC42F37A-CC4D-4F81-9726-76CA4C87B5BB}.Release|Any CPU.Build.0 = Release|Any CPU
	EndGlobalSection
	GlobalSection(SolutionProperties) = preSolution
		HideSolutionNode = FALSE
	EndGlobalSection
	GlobalSection(ExtensibilityGlobals) = postSolution
		SolutionGuid = {584FE6BE-855A-4AF9-A2A8-F261442D8B5F}
	EndGlobalSection
EndGlobal
